<Solution>
  <Folder Name="/Code/" />
  <Folder Name="/Soft/">
    <Project Path="Soft/FitLifeManager/FitLifeManager.Client/FitLifeManager.Client.csproj" />
    <Project Path="Soft/FitLifeManager/FitLifeManager/FitLifeManager.csproj" />
  </Folder>
  <Folder Name="/Tests/">
    <Project Path="Tests/Aids/Aids.csproj" />
    <Project Path="Tests/Data/Data.csproj" />
  </Folder>
</Solution>
